
Microsoft Visual Studio Solution File, Format Version 12.00
# Visual Studio Version 16
VisualStudioVersion = 16.0.32002.261
MinimumVisualStudioVersion = 10.0.40219.1
Project("{9A19103F-16F7-4668-BE54-9A1E7A4F7556}") = "ESC4-WS", "ESC4-WS\ESC4-WS.csproj", "{7677202A-0CAF-4F92-9B08-EA30F82D95AF}"
EndProject
Project("{9A19103F-16F7-4668-BE54-9A1E7A4F7556}") = "ESC4-SQStoLambda", "ESC4-SQStoLambda\ESC4-SQStoLambda.csproj", "{78DD48BF-78E1-4FE7-8ECC-CE4C559877C4}"
EndProject
Project("{9A19103F-16F7-4668-BE54-9A1E7A4F7556}") = "ESC4-SES-Service", "ESC4-SES-Service\ESC4-SES-Service.csproj", "{2BEB1377-C8E0-42F1-BB51-00A28EEADAB8}"
EndProject
Project("{9A19103F-16F7-4668-BE54-9A1E7A4F7556}") = "ESC4-SQStoLambdatoSES", "ESC4-SQStoLambdatoSES\ESC4-SQStoLambdatoSES.csproj", "{475637E8-0AEF-48F2-A152-0304E2384269}"
EndProject
Global
	GlobalSection(SolutionConfigurationPlatforms) = preSolution
		Debug|Any CPU = Debug|Any CPU
		Release|Any CPU = Release|Any CPU
	EndGlobalSection
	GlobalSection(ProjectConfigurationPlatforms) = postSolution
		{7677202A-0CAF-4F92-9B08-EA30F82D95AF}.Debug|Any CPU.ActiveCfg = Debug|Any CPU
		{7677202A-0CAF-4F92-9B08-EA30F82D95AF}.Release|Any CPU.ActiveCfg = Release|Any CPU
		{7677202A-0CAF-4F92-9B08-EA30F82D95AF}.Release|Any CPU.Build.0 = Release|Any CPU
		{78DD48BF-78E1-4FE7-8ECC-CE4C559877C4}.Debug|Any CPU.ActiveCfg = Debug|Any CPU
		{78DD48BF-78E1-4FE7-8ECC-CE4C559877C4}.Debug|Any CPU.Build.0 = Debug|Any CPU
		{78DD48BF-78E1-4FE7-8ECC-CE4C559877C4}.Release|Any CPU.ActiveCfg = Release|Any CPU
		{78DD48BF-78E1-4FE7-8ECC-CE4C559877C4}.Release|Any CPU.Build.0 = Release|Any CPU
		{2BEB1377-C8E0-42F1-BB51-00A28EEADAB8}.Debug|Any CPU.ActiveCfg = Debug|Any CPU
		{2BEB1377-C8E0-42F1-BB51-00A28EEADAB8}.Debug|Any CPU.Build.0 = Debug|Any CPU
		{2BEB1377-C8E0-42F1-BB51-00A28EEADAB8}.Release|Any CPU.ActiveCfg = Release|Any CPU
		{2BEB1377-C8E0-42F1-BB51-00A28EEADAB8}.Release|Any CPU.Build.0 = Release|Any CPU
		{475637E8-0AEF-48F2-A152-0304E2384269}.Debug|Any CPU.ActiveCfg = Debug|Any CPU
		{475637E8-0AEF-48F2-A152-0304E2384269}.Debug|Any CPU.Build.0 = Debug|Any CPU
		{475637E8-0AEF-48F2-A152-0304E2384269}.Release|Any CPU.ActiveCfg = Release|Any CPU
		{475637E8-0AEF-48F2-A152-0304E2384269}.Release|Any CPU.Build.0 = Release|Any CPU
	EndGlobalSection
	GlobalSection(SolutionProperties) = preSolution
		HideSolutionNode = FALSE
	EndGlobalSection
	GlobalSection(ExtensibilityGlobals) = postSolution
		SolutionGuid = {472058BD-075D-47BA-AC43-5D8927CC9F03}
	EndGlobalSection
EndGlobal
